
Microsoft Visual Studio Solution File, Format Version 12.00
# Visual Studio Version 17
VisualStudioVersion = 17.4.33122.133
MinimumVisualStudioVersion = 10.0.40219.1
Project("{FAE04EC0-301F-11D3-BF4B-00C04F79EFBC}") = "p2pv7", "p2pv7\p2pv7.csproj", "{09012CA3-757E-4ADD-9EA1-EE49827C8E22}"
EndProject
Global
	GlobalSection(SolutionConfigurationPlatforms) = preSolution
		Debug|Any CPU = Debug|Any CPU
		Release|Any CPU = Release|Any CPU
	EndGlobalSection
	GlobalSection(ProjectConfigurationPlatforms) = postSolution
		{09012CA3-757E-4ADD-9EA1-EE49827C8E22}.Debug|Any CPU.ActiveCfg = Debug|Any CPU
		{09012CA3-757E-4ADD-9EA1-EE49827C8E22}.Debug|Any CPU.Build.0 = Debug|Any CPU
		{09012CA3-757E-4ADD-9EA1-EE49827C8E22}.Release|Any CPU.ActiveCfg = Release|Any CPU
		{09012CA3-757E-4ADD-9EA1-EE49827C8E22}.Release|Any CPU.Build.0 = Release|Any CPU
	EndGlobalSection
	GlobalSection(SolutionProperties) = preSolution
		HideSolutionNode = FALSE
	EndGlobalSection
	GlobalSection(ExtensibilityGlobals) = postSolution
		SolutionGuid = {CCD91F53-43E0-46C6-BECE-F753CCCB4BBB}
	EndGlobalSection
EndGlobal
